
Microsoft Visual Studio Solution File, Format Version 12.00
# Visual Studio Version 17
VisualStudioVersion = 17.11.35222.181
MinimumVisualStudioVersion = 10.0.40219.1
Project("{FAE04EC0-301F-11D3-BF4B-00C04F79EFBC}") = "TripPlanner.WEB", "TripPlanner.WEB.csproj", "{9133CF50-77A8-48C4-A2D2-2E0356B331DE}"
EndProject
Project("{FAE04EC0-301F-11D3-BF4B-00C04F79EFBC}") = "TripPlanner.BusinessLogic", "..\TripPlanner.BusinessLogic\TripPlanner.BusinessLogic.csproj", "{F8FA06D3-5320-49DC-8224-840E60982776}"
EndProject
Project("{FAE04EC0-301F-11D3-BF4B-00C04F79EFBC}") = "TripPlanner.Infrastructure", "..\TripPlanner.Infrastructure\TripPlanner.Infrastructure.csproj", "{C4A88A93-3F66-430F-BB0D-7452B0940A57}"
EndProject
Project("{FAE04EC0-301F-11D3-BF4B-00C04F79EFBC}") = "TripPlanner.Core", "..\TripPlanner.Core\TripPlanner.Core.csproj", "{F1004E8D-620B-4AF0-BF5A-7B5E2073A5E8}"
EndProject
Global
	GlobalSection(SolutionConfigurationPlatforms) = preSolution
		Debug|Any CPU = Debug|Any CPU
		Release|Any CPU = Release|Any CPU
	EndGlobalSection
	GlobalSection(ProjectConfigurationPlatforms) = postSolution
		{9133CF50-77A8-48C4-A2D2-2E0356B331DE}.Debug|Any CPU.ActiveCfg = Debug|Any CPU
		{9133CF50-77A8-48C4-A2D2-2E0356B331DE}.Debug|Any CPU.Build.0 = Debug|Any CPU
		{9133CF50-77A8-48C4-A2D2-2E0356B331DE}.Release|Any CPU.ActiveCfg = Release|Any CPU
		{9133CF50-77A8-48C4-A2D2-2E0356B331DE}.Release|Any CPU.Build.0 = Release|Any CPU
		{F8FA06D3-5320-49DC-8224-840E60982776}.Debug|Any CPU.ActiveCfg = Debug|Any CPU
		{F8FA06D3-5320-49DC-8224-840E60982776}.Debug|Any CPU.Build.0 = Debug|Any CPU
		{F8FA06D3-5320-49DC-8224-840E60982776}.Release|Any CPU.ActiveCfg = Release|Any CPU
		{F8FA06D3-5320-49DC-8224-840E60982776}.Release|Any CPU.Build.0 = Release|Any CPU
		{C4A88A93-3F66-430F-BB0D-7452B0940A57}.Debug|Any CPU.ActiveCfg = Debug|Any CPU
		{C4A88A93-3F66-430F-BB0D-7452B0940A57}.Debug|Any CPU.Build.0 = Debug|Any CPU
		{C4A88A93-3F66-430F-BB0D-7452B0940A57}.Release|Any CPU.ActiveCfg = Release|Any CPU
		{C4A88A93-3F66-430F-BB0D-7452B0940A57}.Release|Any CPU.Build.0 = Release|Any CPU
		{F1004E8D-620B-4AF0-BF5A-7B5E2073A5E8}.Debug|Any CPU.ActiveCfg = Debug|Any CPU
		{F1004E8D-620B-4AF0-BF5A-7B5E2073A5E8}.Debug|Any CPU.Build.0 = Debug|Any CPU
		{F1004E8D-620B-4AF0-BF5A-7B5E2073A5E8}.Release|Any CPU.ActiveCfg = Release|Any CPU
		{F1004E8D-620B-4AF0-BF5A-7B5E2073A5E8}.Release|Any CPU.Build.0 = Release|Any CPU
	EndGlobalSection
	GlobalSection(SolutionProperties) = preSolution
		HideSolutionNode = FALSE
	EndGlobalSection
	GlobalSection(ExtensibilityGlobals) = postSolution
		SolutionGuid = {32FC50D9-48A5-471A-8C97-7A513B73048C}
	EndGlobalSection
EndGlobal
